
Microsoft Visual Studio Solution File, Format Version 12.00
# Visual Studio 15
VisualStudioVersion = 15.0.26124.0
MinimumVisualStudioVersion = 15.0.26124.0
Project("{2150E333-8FDC-42A3-9474-1A3956D46DE8}") = "src", "src", "{D5130FFA-F9B7-455C-BBC7-16313F27E607}"
EndProject
Project("{FAE04EC0-301F-11D3-BF4B-00C04F79EFBC}") = "BlazorChartist", "src\BlazorChartist\BlazorChartist.csproj", "{9EFC50DE-9D2C-46A8-A2CA-160A93BFC8BD}"
EndProject
Project("{2150E333-8FDC-42A3-9474-1A3956D46DE8}") = "samples", "samples", "{DCE01105-7187-42D6-9457-81C1F63B17AE}"
EndProject
Project("{FAE04EC0-301F-11D3-BF4B-00C04F79EFBC}") = "WebAssemblySample", "samples\WebAssemblySample\WebAssemblySample.csproj", "{BED4EBE8-3E0D-45AB-8A19-A750237B7F79}"
EndProject
Project("{FAE04EC0-301F-11D3-BF4B-00C04F79EFBC}") = "ServerSample", "samples\ServerSample\ServerSample.csproj", "{25C4E749-CBCD-4A5F-9996-F9F73A0ABFFE}"
EndProject
Global
	GlobalSection(SolutionConfigurationPlatforms) = preSolution
		Debug|Any CPU = Debug|Any CPU
		Debug|x64 = Debug|x64
		Debug|x86 = Debug|x86
		Release|Any CPU = Release|Any CPU
		Release|x64 = Release|x64
		Release|x86 = Release|x86
	EndGlobalSection
	GlobalSection(SolutionProperties) = preSolution
		HideSolutionNode = FALSE
	EndGlobalSection
	GlobalSection(ProjectConfigurationPlatforms) = postSolution
		{9EFC50DE-9D2C-46A8-A2CA-160A93BFC8BD}.Debug|Any CPU.ActiveCfg = Debug|Any CPU
		{9EFC50DE-9D2C-46A8-A2CA-160A93BFC8BD}.Debug|Any CPU.Build.0 = Debug|Any CPU
		{9EFC50DE-9D2C-46A8-A2CA-160A93BFC8BD}.Debug|x64.ActiveCfg = Debug|Any CPU
		{9EFC50DE-9D2C-46A8-A2CA-160A93BFC8BD}.Debug|x64.Build.0 = Debug|Any CPU
		{9EFC50DE-9D2C-46A8-A2CA-160A93BFC8BD}.Debug|x86.ActiveCfg = Debug|Any CPU
		{9EFC50DE-9D2C-46A8-A2CA-160A93BFC8BD}.Debug|x86.Build.0 = Debug|Any CPU
		{9EFC50DE-9D2C-46A8-A2CA-160A93BFC8BD}.Release|Any CPU.ActiveCfg = Release|Any CPU
		{9EFC50DE-9D2C-46A8-A2CA-160A93BFC8BD}.Release|Any CPU.Build.0 = Release|Any CPU
		{9EFC50DE-9D2C-46A8-A2CA-160A93BFC8BD}.Release|x64.ActiveCfg = Release|Any CPU
		{9EFC50DE-9D2C-46A8-A2CA-160A93BFC8BD}.Release|x64.Build.0 = Release|Any CPU
		{9EFC50DE-9D2C-46A8-A2CA-160A93BFC8BD}.Release|x86.ActiveCfg = Release|Any CPU
		{9EFC50DE-9D2C-46A8-A2CA-160A93BFC8BD}.Release|x86.Build.0 = Release|Any CPU
		{BED4EBE8-3E0D-45AB-8A19-A750237B7F79}.Debug|Any CPU.ActiveCfg = Debug|Any CPU
		{BED4EBE8-3E0D-45AB-8A19-A750237B7F79}.Debug|Any CPU.Build.0 = Debug|Any CPU
		{BED4EBE8-3E0D-45AB-8A19-A750237B7F79}.Debug|x64.ActiveCfg = Debug|Any CPU
		{BED4EBE8-3E0D-45AB-8A19-A750237B7F79}.Debug|x64.Build.0 = Debug|Any CPU
		{BED4EBE8-3E0D-45AB-8A19-A750237B7F79}.Debug|x86.ActiveCfg = Debug|Any CPU
		{BED4EBE8-3E0D-45AB-8A19-A750237B7F79}.Debug|x86.Build.0 = Debug|Any CPU
		{BED4EBE8-3E0D-45AB-8A19-A750237B7F79}.Release|Any CPU.ActiveCfg = Release|Any CPU
		{BED4EBE8-3E0D-45AB-8A19-A750237B7F79}.Release|Any CPU.Build.0 = Release|Any CPU
		{BED4EBE8-3E0D-45AB-8A19-A750237B7F79}.Release|x64.ActiveCfg = Release|Any CPU
		{BED4EBE8-3E0D-45AB-8A19-A750237B7F79}.Release|x64.Build.0 = Release|Any CPU
		{BED4EBE8-3E0D-45AB-8A19-A750237B7F79}.Release|x86.ActiveCfg = Release|Any CPU
		{BED4EBE8-3E0D-45AB-8A19-A750237B7F79}.Release|x86.Build.0 = Release|Any CPU
		{25C4E749-CBCD-4A5F-9996-F9F73A0ABFFE}.Debug|Any CPU.ActiveCfg = Debug|Any CPU
		{25C4E749-CBCD-4A5F-9996-F9F73A0ABFFE}.Debug|Any CPU.Build.0 = Debug|Any CPU
		{25C4E749-CBCD-4A5F-9996-F9F73A0ABFFE}.Debug|x64.ActiveCfg = Debug|Any CPU
		{25C4E749-CBCD-4A5F-9996-F9F73A0ABFFE}.Debug|x64.Build.0 = Debug|Any CPU
		{25C4E749-CBCD-4A5F-9996-F9F73A0ABFFE}.Debug|x86.ActiveCfg = Debug|Any CPU
		{25C4E749-CBCD-4A5F-9996-F9F73A0ABFFE}.Debug|x86.Build.0 = Debug|Any CPU
		{25C4E749-CBCD-4A5F-9996-F9F73A0ABFFE}.Release|Any CPU.ActiveCfg = Release|Any CPU
		{25C4E749-CBCD-4A5F-9996-F9F73A0ABFFE}.Release|Any CPU.Build.0 = Release|Any CPU
		{25C4E749-CBCD-4A5F-9996-F9F73A0ABFFE}.Release|x64.ActiveCfg = Release|Any CPU
		{25C4E749-CBCD-4A5F-9996-F9F73A0ABFFE}.Release|x64.Build.0 = Release|Any CPU
		{25C4E749-CBCD-4A5F-9996-F9F73A0ABFFE}.Release|x86.ActiveCfg = Release|Any CPU
		{25C4E749-CBCD-4A5F-9996-F9F73A0ABFFE}.Release|x86.Build.0 = Release|Any CPU
	EndGlobalSection
	GlobalSection(NestedProjects) = preSolution
		{9EFC50DE-9D2C-46A8-A2CA-160A93BFC8BD} = {D5130FFA-F9B7-455C-BBC7-16313F27E607}
		{BED4EBE8-3E0D-45AB-8A19-A750237B7F79} = {DCE01105-7187-42D6-9457-81C1F63B17AE}
		{25C4E749-CBCD-4A5F-9996-F9F73A0ABFFE} = {DCE01105-7187-42D6-9457-81C1F63B17AE}
	EndGlobalSection
EndGlobal
